// !$*UTF8*$!
{
	archiveVersion = 1;
	classes = {
	};
	objectVersion = 77;
	objects = {

/* Begin PBXBuildFile section */
		DD1B3AD72E4B5B9D00CD8265 /* GDTMobSDK.xcframework in Frameworks */ = {isa = PBXBuildFile; fileRef = DD1B3AD42E4B5B9D00CD8262 /* GDTMobSDK.xcframework */; };
		DD1B3AD82E4B5B9D00CD8266 /* Tquic.xcframework in Frameworks */ = {isa = PBXBuildFile; fileRef = DD1B3AD52E4B5B9D00CD8263 /* Tquic.xcframework */; };
		DD1B3AD92E4B5B9D00CD8267 /* GDTMobSDK.xcframework in Embed Frameworks */ = {isa = PBXBuildFile; fileRef = DD1B3AD42E4B5B9D00CD8262 /* GDTMobSDK.xcframework */; settings = {ATTRIBUTES = (CodeSignOnCopy, RemoveHeadersOnCopy, ); }; };
		DD1B3ADA2E4B5B9D00CD8268 /* Tquic.xcframework in Embed Frameworks */ = {isa = PBXBuildFile; fileRef = DD1B3AD52E4B5B9D00CD8263 /* Tquic.xcframework */; settings = {ATTRIBUTES = (CodeSignOnCopy, RemoveHeadersOnCopy, ); }; };
		DD1B3ADC2E4B5B9D00CD826A /* FamilyControls.framework in Frameworks */ = {isa = PBXBuildFile; fileRef = DD1B3ADD2E4B5B9D00CD826B /* FamilyControls.framework */; };
		DD1B3ADE2E4B5B9D00CD826C /* DeviceActivity.framework in Frameworks */ = {isa = PBXBuildFile; fileRef = DD1B3ADF2E4B5B9D00CD826D /* DeviceActivity.framework */; };
		DD1B3AE02E4B5B9D00CD826E /* ManagedSettings.framework in Frameworks */ = {isa = PBXBuildFile; fileRef = DD1B3AE12E4B5B9D00CD826F /* ManagedSettings.framework */; };
		DD58E9E92E7AD3CE001C0F65 /* ManagedSettings.framework in Frameworks */ = {isa = PBXBuildFile; fileRef = DD1B3AE12E4B5B9D00CD826F /* ManagedSettings.framework */; };
		DD58E9F32E7AD3CE001C0F65 /* ShieldConfig.appex in Embed Foundation Extensions */ = {isa = PBXBuildFile; fileRef = DD58E9E82E7AD3CE001C0F65 /* ShieldConfig.appex */; settings = {ATTRIBUTES = (RemoveHeadersOnCopy, ); }; };
/* End PBXBuildFile section */

/* Begin PBXContainerItemProxy section */
		DD1B3AB82E4B5B9D00CD8261 /* PBXContainerItemProxy */ = {
			isa = PBXContainerItemProxy;
			containerPortal = DD1B3AA12E4B5B9B00CD8261 /* Project object */;
			proxyType = 1;
			remoteGlobalIDString = DD1B3AA82E4B5B9B00CD8261;
			remoteInfo = qinghe;
		};
		DD1B3AC22E4B5B9D00CD8261 /* PBXContainerItemProxy */ = {
			isa = PBXContainerItemProxy;
			containerPortal = DD1B3AA12E4B5B9B00CD8261 /* Project object */;
			proxyType = 1;
			remoteGlobalIDString = DD1B3AA82E4B5B9B00CD8261;
			remoteInfo = qinghe;
		};
		DD58E9F12E7AD3CE001C0F65 /* PBXContainerItemProxy */ = {
			isa = PBXContainerItemProxy;
			containerPortal = DD1B3AA12E4B5B9B00CD8261 /* Project object */;
			proxyType = 1;
			remoteGlobalIDString = DD58E9E72E7AD3CE001C0F65;
			remoteInfo = ShieldConfig;
		};
/* End PBXContainerItemProxy section */

/* Begin PBXCopyFilesBuildPhase section */
		DD1B3ADB2E4B5B9D00CD8269 /* Embed Frameworks */ = {
			isa = PBXCopyFilesBuildPhase;
			buildActionMask = 2147483647;
			dstPath = "";
			dstSubfolderSpec = 10;
			files = (
				DD1B3AD92E4B5B9D00CD8267 /* GDTMobSDK.xcframework in Embed Frameworks */,
				DD1B3ADA2E4B5B9D00CD8268 /* Tquic.xcframework in Embed Frameworks */,
			);
			name = "Embed Frameworks";
			runOnlyForDeploymentPostprocessing = 0;
		};
		DD58E9F82E7AD3CE001C0F65 /* Embed Foundation Extensions */ = {
			isa = PBXCopyFilesBuildPhase;
			buildActionMask = 2147483647;
			dstPath = "";
			dstSubfolderSpec = 13;
			files = (
				DD58E9F32E7AD3CE001C0F65 /* ShieldConfig.appex in Embed Foundation Extensions */,
			);
			name = "Embed Foundation Extensions";
			runOnlyForDeploymentPostprocessing = 0;
		};
/* End PBXCopyFilesBuildPhase section */

/* Begin PBXFileReference section */
		DD1B3AA92E4B5B9B00CD8261 /* qinghe.app */ = {isa = PBXFileReference; explicitFileType = wrapper.application; includeInIndex = 0; path = qinghe.app; sourceTree = BUILT_PRODUCTS_DIR; };
		DD1B3AB72E4B5B9D00CD8261 /* qingheTests.xctest */ = {isa = PBXFileReference; explicitFileType = wrapper.cfbundle; includeInIndex = 0; path = qingheTests.xctest; sourceTree = BUILT_PRODUCTS_DIR; };
		DD1B3AC12E4B5B9D00CD8261 /* qingheUITests.xctest */ = {isa = PBXFileReference; explicitFileType = wrapper.cfbundle; includeInIndex = 0; path = qingheUITests.xctest; sourceTree = BUILT_PRODUCTS_DIR; };
		DD1B3AD42E4B5B9D00CD8262 /* GDTMobSDK.xcframework */ = {isa = PBXFileReference; lastKnownFileType = wrapper.xcframework; path = GDTMobSDK.xcframework; sourceTree = "<group>"; };
		DD1B3AD52E4B5B9D00CD8263 /* Tquic.xcframework */ = {isa = PBXFileReference; lastKnownFileType = wrapper.xcframework; path = Tquic.xcframework; sourceTree = "<group>"; };
		DD1B3ADD2E4B5B9D00CD826B /* FamilyControls.framework */ = {isa = PBXFileReference; lastKnownFileType = wrapper.framework; name = FamilyControls.framework; path = System/Library/Frameworks/FamilyControls.framework; sourceTree = SDKROOT; };
		DD1B3ADF2E4B5B9D00CD826D /* DeviceActivity.framework */ = {isa = PBXFileReference; lastKnownFileType = wrapper.framework; name = DeviceActivity.framework; path = System/Library/Frameworks/DeviceActivity.framework; sourceTree = SDKROOT; };
		DD1B3AE12E4B5B9D00CD826F /* ManagedSettings.framework */ = {isa = PBXFileReference; lastKnownFileType = wrapper.framework; name = ManagedSettings.framework; path = System/Library/Frameworks/ManagedSettings.framework; sourceTree = SDKROOT; };
		DD58E9E82E7AD3CE001C0F65 /* ShieldConfig.appex */ = {isa = PBXFileReference; explicitFileType = "wrapper.app-extension"; includeInIndex = 0; path = ShieldConfig.appex; sourceTree = BUILT_PRODUCTS_DIR; };
/* End PBXFileReference section */

/* Begin PBXFileSystemSynchronizedBuildFileExceptionSet section */
		DD58E9F42E7AD3CE001C0F65 /* Exceptions for "ShieldConfig" folder in "ShieldConfig" target */ = {
			isa = PBXFileSystemSynchronizedBuildFileExceptionSet;
			membershipExceptions = (
				Info.plist,
			);
			target = DD58E9E72E7AD3CE001C0F65 /* ShieldConfig */;
		};
/* End PBXFileSystemSynchronizedBuildFileExceptionSet section */

/* Begin PBXFileSystemSynchronizedRootGroup section */
		DD1B3AAB2E4B5B9B00CD8261 /* qinghe */ = {
			isa = PBXFileSystemSynchronizedRootGroup;
			path = qinghe;
			sourceTree = "<group>";
		};
		DD1B3ABA2E4B5B9D00CD8261 /* qingheTests */ = {
			isa = PBXFileSystemSynchronizedRootGroup;
			path = qingheTests;
			sourceTree = "<group>";
		};
		DD1B3AC42E4B5B9D00CD8261 /* qingheUITests */ = {
			isa = PBXFileSystemSynchronizedRootGroup;
			path = qingheUITests;
			sourceTree = "<group>";
		};
		DD58E9EC2E7AD3CE001C0F65 /* ShieldConfig */ = {
			isa = PBXFileSystemSynchronizedRootGroup;
			exceptions = (
				DD58E9F42E7AD3CE001C0F65 /* Exceptions for "ShieldConfig" folder in "ShieldConfig" target */,
			);
			path = ShieldConfig;
			sourceTree = "<group>";
		};
		DD58E9FF2E7ADC83001C0F65 /* huodongjiankong */ = {
			isa = PBXFileSystemSynchronizedRootGroup;
			path = huodongjiankong;
			sourceTree = "<group>";
		};
/* End PBXFileSystemSynchronizedRootGroup section */

/* Begin PBXFrameworksBuildPhase section */
		DD1B3AA62E4B5B9B00CD8261 /* Frameworks */ = {
			isa = PBXFrameworksBuildPhase;
			buildActionMask = 2147483647;
			files = (
				DD1B3AD72E4B5B9D00CD8265 /* GDTMobSDK.xcframework in Frameworks */,
				DD1B3AD82E4B5B9D00CD8266 /* Tquic.xcframework in Frameworks */,
				DD1B3ADC2E4B5B9D00CD826A /* FamilyControls.framework in Frameworks */,
				DD1B3ADE2E4B5B9D00CD826C /* DeviceActivity.framework in Frameworks */,
				DD1B3AE02E4B5B9D00CD826E /* ManagedSettings.framework in Frameworks */,
			);
			runOnlyForDeploymentPostprocessing = 0;
		};
		DD1B3AB42E4B5B9D00CD8261 /* Frameworks */ = {
			isa = PBXFrameworksBuildPhase;
			buildActionMask = 2147483647;
			files = (
			);
			runOnlyForDeploymentPostprocessing = 0;
		};
		DD1B3ABE2E4B5B9D00CD8261 /* Frameworks */ = {
			isa = PBXFrameworksBuildPhase;
			buildActionMask = 2147483647;
			files = (
			);
			runOnlyForDeploymentPostprocessing = 0;
		};
		DD58E9E52E7AD3CE001C0F65 /* Frameworks */ = {
			isa = PBXFrameworksBuildPhase;
			buildActionMask = 2147483647;
			files = (
				DD58E9E92E7AD3CE001C0F65 /* ManagedSettings.framework in Frameworks */,
			);
			runOnlyForDeploymentPostprocessing = 0;
		};
/* End PBXFrameworksBuildPhase section */

/* Begin PBXGroup section */
		DD1B3AA02E4B5B9B00CD8261 = {
			isa = PBXGroup;
			children = (
				DD58EA262E7FC591001C0F65 /* Fonts */,
				DD1B3AAB2E4B5B9B00CD8261 /* qinghe */,
				DD1B3ABA2E4B5B9D00CD8261 /* qingheTests */,
				DD1B3AC42E4B5B9D00CD8261 /* qingheUITests */,
				DD58E9EC2E7AD3CE001C0F65 /* ShieldConfig */,
				DD58E9FF2E7ADC83001C0F65 /* huodongjiankong */,
				DD1B3AAA2E4B5B9B00CD8261 /* Products */,
				DD1B3AD62E4B5B9D00CD8264 /* Frameworks */,
			);
			sourceTree = "<group>";
		};
		DD1B3AAA2E4B5B9B00CD8261 /* Products */ = {
			isa = PBXGroup;
			children = (
				DD1B3AA92E4B5B9B00CD8261 /* qinghe.app */,
				DD1B3AB72E4B5B9D00CD8261 /* qingheTests.xctest */,
				DD1B3AC12E4B5B9D00CD8261 /* qingheUITests.xctest */,
				DD58E9E82E7AD3CE001C0F65 /* ShieldConfig.appex */,
			);
			name = Products;
			sourceTree = "<group>";
		};
		DD1B3AD62E4B5B9D00CD8264 /* Frameworks */ = {
			isa = PBXGroup;
			children = (
				DD1B3AD42E4B5B9D00CD8262 /* GDTMobSDK.xcframework */,
				DD1B3AD52E4B5B9D00CD8263 /* Tquic.xcframework */,
				DD1B3ADD2E4B5B9D00CD826B /* FamilyControls.framework */,
				DD1B3ADF2E4B5B9D00CD826D /* DeviceActivity.framework */,
				DD1B3AE12E4B5B9D00CD826F /* ManagedSettings.framework */,
			);
			path = Frameworks;
			sourceTree = "<group>";
		};
		DD58EA262E7FC591001C0F65 /* Fonts */ = {
			isa = PBXGroup;
			children = (
			);
			path = Fonts;
			sourceTree = "<group>";
		};
/* End PBXGroup section */

/* Begin PBXNativeTarget section */
		DD1B3AA82E4B5B9B00CD8261 /* qinghe */ = {
			isa = PBXNativeTarget;
			buildConfigurationList = DD1B3ACB2E4B5B9D00CD8261 /* Build configuration list for PBXNativeTarget "qinghe" */;
			buildPhases = (
				DD1B3AA52E4B5B9B00CD8261 /* Sources */,
				DD1B3AA62E4B5B9B00CD8261 /* Frameworks */,
				DD1B3AA72E4B5B9B00CD8261 /* Resources */,
				DD1B3ADB2E4B5B9D00CD8269 /* Embed Frameworks */,
				DD58E9F82E7AD3CE001C0F65 /* Embed Foundation Extensions */,
			);
			buildRules = (
			);
			dependencies = (
				DD58E9F22E7AD3CE001C0F65 /* PBXTargetDependency */,
			);
			fileSystemSynchronizedGroups = (
				DD1B3AAB2E4B5B9B00CD8261 /* qinghe */,
			);
			name = qinghe;
			packageProductDependencies = (
			);
			productName = qinghe;
			productReference = DD1B3AA92E4B5B9B00CD8261 /* qinghe.app */;
			productType = "com.apple.product-type.application";
		};
		DD1B3AB62E4B5B9D00CD8261 /* qingheTests */ = {
			isa = PBXNativeTarget;
			buildConfigurationList = DD1B3ACE2E4B5B9D00CD8261 /* Build configuration list for PBXNativeTarget "qingheTests" */;
			buildPhases = (
				DD1B3AB32E4B5B9D00CD8261 /* Sources */,
				DD1B3AB42E4B5B9D00CD8261 /* Frameworks */,
				DD1B3AB52E4B5B9D00CD8261 /* Resources */,
			);
			buildRules = (
			);
			dependencies = (
				DD1B3AB92E4B5B9D00CD8261 /* PBXTargetDependency */,
			);
			fileSystemSynchronizedGroups = (
				DD1B3ABA2E4B5B9D00CD8261 /* qingheTests */,
			);
			name = qingheTests;
			packageProductDependencies = (
			);
			productName = qingheTests;
			productReference = DD1B3AB72E4B5B9D00CD8261 /* qingheTests.xctest */;
			productType = "com.apple.product-type.bundle.unit-test";
		};
		DD1B3AC02E4B5B9D00CD8261 /* qingheUITests */ = {
			isa = PBXNativeTarget;
			buildConfigurationList = DD1B3AD12E4B5B9D00CD8261 /* Build configuration list for PBXNativeTarget "qingheUITests" */;
			buildPhases = (
				DD1B3ABD2E4B5B9D00CD8261 /* Sources */,
				DD1B3ABE2E4B5B9D00CD8261 /* Frameworks */,
				DD1B3ABF2E4B5B9D00CD8261 /* Resources */,
			);
			buildRules = (
			);
			dependencies = (
				DD1B3AC32E4B5B9D00CD8261 /* PBXTargetDependency */,
			);
			fileSystemSynchronizedGroups = (
				DD1B3AC42E4B5B9D00CD8261 /* qingheUITests */,
			);
			name = qingheUITests;
			packageProductDependencies = (
			);
			productName = qingheUITests;
			productReference = DD1B3AC12E4B5B9D00CD8261 /* qingheUITests.xctest */;
			productType = "com.apple.product-type.bundle.ui-testing";
		};
		DD58E9E72E7AD3CE001C0F65 /* ShieldConfig */ = {
			isa = PBXNativeTarget;
			buildConfigurationList = DD58E9F52E7AD3CE001C0F65 /* Build configuration list for PBXNativeTarget "ShieldConfig" */;
			buildPhases = (
				DD58E9E42E7AD3CE001C0F65 /* Sources */,
				DD58E9E52E7AD3CE001C0F65 /* Frameworks */,
				DD58E9E62E7AD3CE001C0F65 /* Resources */,
			);
			buildRules = (
			);
			dependencies = (
			);
			fileSystemSynchronizedGroups = (
				DD58E9EC2E7AD3CE001C0F65 /* ShieldConfig */,
			);
			name = ShieldConfig;
			packageProductDependencies = (
			);
			productName = ShieldConfig;
			productReference = DD58E9E82E7AD3CE001C0F65 /* ShieldConfig.appex */;
			productType = "com.apple.product-type.app-extension";
		};
/* End PBXNativeTarget section */

/* Begin PBXProject section */
		DD1B3AA12E4B5B9B00CD8261 /* Project object */ = {
			isa = PBXProject;
			attributes = {
				BuildIndependentTargetsInParallel = 1;
				LastSwiftUpdateCheck = 1640;
				LastUpgradeCheck = 1640;
				TargetAttributes = {
					DD1B3AA82E4B5B9B00CD8261 = {
						CreatedOnToolsVersion = 16.4;
					};
					DD1B3AB62E4B5B9D00CD8261 = {
						CreatedOnToolsVersion = 16.4;
						TestTargetID = DD1B3AA82E4B5B9B00CD8261;
					};
					DD1B3AC02E4B5B9D00CD8261 = {
						CreatedOnToolsVersion = 16.4;
						TestTargetID = DD1B3AA82E4B5B9B00CD8261;
					};
					DD58E9E72E7AD3CE001C0F65 = {
						CreatedOnToolsVersion = 16.4;
					};
				};
			};
			buildConfigurationList = DD1B3AA42E4B5B9B00CD8261 /* Build configuration list for PBXProject "qinghe" */;
			developmentRegion = en;
			hasScannedForEncodings = 0;
			knownRegions = (
				en,
				Base,
			);
			mainGroup = DD1B3AA02E4B5B9B00CD8261;
			minimizedProjectReferenceProxies = 1;
			preferredProjectObjectVersion = 77;
			productRefGroup = DD1B3AAA2E4B5B9B00CD8261 /* Products */;
			projectDirPath = "";
			projectRoot = "";
			targets = (
				DD1B3AA82E4B5B9B00CD8261 /* qinghe */,
				DD1B3AB62E4B5B9D00CD8261 /* qingheTests */,
				DD1B3AC02E4B5B9D00CD8261 /* qingheUITests */,
				DD58E9E72E7AD3CE001C0F65 /* ShieldConfig */,
			);
		};
/* End PBXProject section */

/* Begin PBXResourcesBuildPhase section */
		DD1B3AA72E4B5B9B00CD8261 /* Resources */ = {
			isa = PBXResourcesBuildPhase;
			buildActionMask = 2147483647;
			files = (
			);
			runOnlyForDeploymentPostprocessing = 0;
		};
		DD1B3AB52E4B5B9D00CD8261 /* Resources */ = {
			isa = PBXResourcesBuildPhase;
			buildActionMask = 2147483647;
			files = (
			);
			runOnlyForDeploymentPostprocessing = 0;
		};
		DD1B3ABF2E4B5B9D00CD8261 /* Resources */ = {
			isa = PBXResourcesBuildPhase;
			buildActionMask = 2147483647;
			files = (
			);
			runOnlyForDeploymentPostprocessing = 0;
		};
		DD58E9E62E7AD3CE001C0F65 /* Resources */ = {
			isa = PBXResourcesBuildPhase;
			buildActionMask = 2147483647;
			files = (
			);
			runOnlyForDeploymentPostprocessing = 0;
		};
/* End PBXResourcesBuildPhase section */

/* Begin PBXSourcesBuildPhase section */
		DD1B3AA52E4B5B9B00CD8261 /* Sources */ = {
			isa = PBXSourcesBuildPhase;
			buildActionMask = 2147483647;
			files = (
			);
			runOnlyForDeploymentPostprocessing = 0;
		};
		DD1B3AB32E4B5B9D00CD8261 /* Sources */ = {
			isa = PBXSourcesBuildPhase;
			buildActionMask = 2147483647;
			files = (
			);
			runOnlyForDeploymentPostprocessing = 0;
		};
		DD1B3ABD2E4B5B9D00CD8261 /* Sources */ = {
			isa = PBXSourcesBuildPhase;
			buildActionMask = 2147483647;
			files = (
			);
			runOnlyForDeploymentPostprocessing = 0;
		};
		DD58E9E42E7AD3CE001C0F65 /* Sources */ = {
			isa = PBXSourcesBuildPhase;
			buildActionMask = 2147483647;
			files = (
			);
			runOnlyForDeploymentPostprocessing = 0;
		};
/* End PBXSourcesBuildPhase section */

/* Begin PBXTargetDependency section */
		DD1B3AB92E4B5B9D00CD8261 /* PBXTargetDependency */ = {
			isa = PBXTargetDependency;
			target = DD1B3AA82E4B5B9B00CD8261 /* qinghe */;
			targetProxy = DD1B3AB82E4B5B9D00CD8261 /* PBXContainerItemProxy */;
		};
		DD1B3AC32E4B5B9D00CD8261 /* PBXTargetDependency */ = {
			isa = PBXTargetDependency;
			target = DD1B3AA82E4B5B9B00CD8261 /* qinghe */;
			targetProxy = DD1B3AC22E4B5B9D00CD8261 /* PBXContainerItemProxy */;
		};
		DD58E9F22E7AD3CE001C0F65 /* PBXTargetDependency */ = {
			isa = PBXTargetDependency;
			target = DD58E9E72E7AD3CE001C0F65 /* ShieldConfig */;
			targetProxy = DD58E9F12E7AD3CE001C0F65 /* PBXContainerItemProxy */;
		};
/* End PBXTargetDependency section */

/* Begin XCBuildConfiguration section */
		DD1B3AC92E4B5B9D00CD8261 /* Debug */ = {
			isa = XCBuildConfiguration;
			buildSettings = {
				ALWAYS_SEARCH_USER_PATHS = NO;
				ASSETCATALOG_COMPILER_GENERATE_SWIFT_ASSET_SYMBOL_EXTENSIONS = YES;
				CLANG_ANALYZER_NONNULL = YES;
				CLANG_ANALYZER_NUMBER_OBJECT_CONVERSION = YES_AGGRESSIVE;
				CLANG_CXX_LANGUAGE_STANDARD = "gnu++20";
				CLANG_ENABLE_MODULES = YES;
				CLANG_ENABLE_OBJC_ARC = YES;
				CLANG_ENABLE_OBJC_WEAK = YES;
				CLANG_WARN_BLOCK_CAPTURE_AUTORELEASING = YES;
				CLANG_WARN_BOOL_CONVERSION = YES;
				CLANG_WARN_COMMA = YES;
				CLANG_WARN_CONSTANT_CONVERSION = YES;
				CLANG_WARN_DEPRECATED_OBJC_IMPLEMENTATIONS = YES;
				CLANG_WARN_DIRECT_OBJC_ISA_USAGE = YES_ERROR;
				CLANG_WARN_DOCUMENTATION_COMMENTS = YES;
				CLANG_WARN_EMPTY_BODY = YES;
				CLANG_WARN_ENUM_CONVERSION = YES;
				CLANG_WARN_INFINITE_RECURSION = YES;
				CLANG_WARN_INT_CONVERSION = YES;
				CLANG_WARN_NON_LITERAL_NULL_CONVERSION = YES;
				CLANG_WARN_OBJC_IMPLICIT_RETAIN_SELF = YES;
				CLANG_WARN_OBJC_LITERAL_CONVERSION = YES;
				CLANG_WARN_OBJC_ROOT_CLASS = YES_ERROR;
				CLANG_WARN_QUOTED_INCLUDE_IN_FRAMEWORK_HEADER = YES;
				CLANG_WARN_RANGE_LOOP_ANALYSIS = YES;
				CLANG_WARN_STRICT_PROTOTYPES = YES;
				CLANG_WARN_SUSPICIOUS_MOVE = YES;
				CLANG_WARN_UNGUARDED_AVAILABILITY = YES_AGGRESSIVE;
				CLANG_WARN_UNREACHABLE_CODE = YES;
				CLANG_WARN__DUPLICATE_METHOD_MATCH = YES;
				COPY_PHASE_STRIP = NO;
				DEBUG_INFORMATION_FORMAT = dwarf;
				DEVELOPMENT_TEAM = 7CHR3URQ44;
				ENABLE_STRICT_OBJC_MSGSEND = YES;
				ENABLE_TESTABILITY = YES;
				ENABLE_USER_SCRIPT_SANDBOXING = YES;
				GCC_C_LANGUAGE_STANDARD = gnu17;
				GCC_DYNAMIC_NO_PIC = NO;
				GCC_NO_COMMON_BLOCKS = YES;
				GCC_OPTIMIZATION_LEVEL = 0;
				GCC_PREPROCESSOR_DEFINITIONS = (
					"DEBUG=1",
					"$(inherited)",
				);
				GCC_WARN_64_TO_32_BIT_CONVERSION = YES;
				GCC_WARN_ABOUT_RETURN_TYPE = YES_ERROR;
				GCC_WARN_UNDECLARED_SELECTOR = YES;
				GCC_WARN_UNINITIALIZED_AUTOS = YES_AGGRESSIVE;
				GCC_WARN_UNUSED_FUNCTION = YES;
				GCC_WARN_UNUSED_VARIABLE = YES;
				LOCALIZATION_PREFERS_STRING_CATALOGS = YES;
				MTL_ENABLE_DEBUG_INFO = INCLUDE_SOURCE;
				MTL_FAST_MATH = YES;
				NEW_SETTING = "";
				ONLY_ACTIVE_ARCH = YES;
				SWIFT_ACTIVE_COMPILATION_CONDITIONS = "DEBUG $(inherited)";
				SWIFT_OPTIMIZATION_LEVEL = "-Onone";
			};
			name = Debug;
		};
		DD1B3ACA2E4B5B9D00CD8261 /* Release */ = {
			isa = XCBuildConfiguration;
			buildSettings = {
				ALWAYS_SEARCH_USER_PATHS = NO;
				ASSETCATALOG_COMPILER_GENERATE_SWIFT_ASSET_SYMBOL_EXTENSIONS = YES;
				CLANG_ANALYZER_NONNULL = YES;
				CLANG_ANALYZER_NUMBER_OBJECT_CONVERSION = YES_AGGRESSIVE;
				CLANG_CXX_LANGUAGE_STANDARD = "gnu++20";
				CLANG_ENABLE_MODULES = YES;
				CLANG_ENABLE_OBJC_ARC = YES;
				CLANG_ENABLE_OBJC_WEAK = YES;
				CLANG_WARN_BLOCK_CAPTURE_AUTORELEASING = YES;
				CLANG_WARN_BOOL_CONVERSION = YES;
				CLANG_WARN_COMMA = YES;
				CLANG_WARN_CONSTANT_CONVERSION = YES;
				CLANG_WARN_DEPRECATED_OBJC_IMPLEMENTATIONS = YES;
				CLANG_WARN_DIRECT_OBJC_ISA_USAGE = YES_ERROR;
				CLANG_WARN_DOCUMENTATION_COMMENTS = YES;
				CLANG_WARN_EMPTY_BODY = YES;
				CLANG_WARN_ENUM_CONVERSION = YES;
				CLANG_WARN_INFINITE_RECURSION = YES;
				CLANG_WARN_INT_CONVERSION = YES;
				CLANG_WARN_NON_LITERAL_NULL_CONVERSION = YES;
				CLANG_WARN_OBJC_IMPLICIT_RETAIN_SELF = YES;
				CLANG_WARN_OBJC_LITERAL_CONVERSION = YES;
				CLANG_WARN_OBJC_ROOT_CLASS = YES_ERROR;
				CLANG_WARN_QUOTED_INCLUDE_IN_FRAMEWORK_HEADER = YES;
				CLANG_WARN_RANGE_LOOP_ANALYSIS = YES;
				CLANG_WARN_STRICT_PROTOTYPES = YES;
				CLANG_WARN_SUSPICIOUS_MOVE = YES;
				CLANG_WARN_UNGUARDED_AVAILABILITY = YES_AGGRESSIVE;
				CLANG_WARN_UNREACHABLE_CODE = YES;
				CLANG_WARN__DUPLICATE_METHOD_MATCH = YES;
				COPY_PHASE_STRIP = NO;
				DEBUG_INFORMATION_FORMAT = "dwarf-with-dsym";
				DEVELOPMENT_TEAM = 7CHR3URQ44;
				ENABLE_NS_ASSERTIONS = NO;
				ENABLE_STRICT_OBJC_MSGSEND = YES;
				ENABLE_USER_SCRIPT_SANDBOXING = YES;
				GCC_C_LANGUAGE_STANDARD = gnu17;
				GCC_NO_COMMON_BLOCKS = YES;
				GCC_WARN_64_TO_32_BIT_CONVERSION = YES;
				GCC_WARN_ABOUT_RETURN_TYPE = YES_ERROR;
				GCC_WARN_UNDECLARED_SELECTOR = YES;
				GCC_WARN_UNINITIALIZED_AUTOS = YES_AGGRESSIVE;
				GCC_WARN_UNUSED_FUNCTION = YES;
				GCC_WARN_UNUSED_VARIABLE = YES;
				LOCALIZATION_PREFERS_STRING_CATALOGS = YES;
				MTL_ENABLE_DEBUG_INFO = NO;
				MTL_FAST_MATH = YES;
				NEW_SETTING = "";
				SWIFT_COMPILATION_MODE = wholemodule;
			};
			name = Release;
		};
		DD1B3ACC2E4B5B9D00CD8261 /* Debug */ = {
			isa = XCBuildConfiguration;
			buildSettings = {
				ASSETCATALOG_COMPILER_APPICON_NAME = AppIcon;
				ASSETCATALOG_COMPILER_GLOBAL_ACCENT_COLOR_NAME = AccentColor;
				CODE_SIGN_ENTITLEMENTS = qinghe/qinghe.entitlements;
				CODE_SIGN_IDENTITY = "Apple Development";
				CODE_SIGN_STYLE = Automatic;
				CURRENT_PROJECT_VERSION = 1;
				DEVELOPMENT_TEAM = 7CHR3URQ44;
				ENABLE_HARDENED_RUNTIME = YES;
				ENABLE_PREVIEWS = YES;
				FRAMEWORK_SEARCH_PATHS = (
					"$(inherited)",
					"$(PROJECT_DIR)/Frameworks",
				);
				GENERATE_INFOPLIST_FILE = YES;
				INFOPLIST_KEY_CFBundleDisplayName = "青禾计划";
				INFOPLIST_KEY_NSCameraUsageDescription = "青禾计划需要使用相机来拍摄照片和视频";
				INFOPLIST_KEY_NSDocumentPickerUsageDescription = "青禾计划需要访问文档来发送文件";
				INFOPLIST_KEY_NSFamilyControlsUsageDescription = "青禾计划需要访问屏幕使用时间数据来帮助您管理应用使用时间，实现自律目标";
				INFOPLIST_KEY_NSHealthShareUsageDescription = "青禾计划需要从“健康”读取心率、能量与距离，用于实时运动指导与统计";
				INFOPLIST_KEY_NSHealthUpdateUsageDescription = "青禾计划可能会向“健康”写入锻炼记录与统计（可选）";
				INFOPLIST_KEY_NSLocationAlwaysAndWhenInUseUsageDescription = "青禾计划需要始终访问您的位置信息来在后台记录运动轨迹，即使应用在后台运行时也能准确记录您的运动路线";
				INFOPLIST_KEY_NSLocationWhenInUseUsageDescription = "青禾计划需要访问您的位置信息来记录运动轨迹和提供基于位置的服务";
				INFOPLIST_KEY_NSMicrophoneUsageDescription = "青禾计划需要使用麦克风来录制语音消息";
				INFOPLIST_KEY_NSMotionUsageDescription = "青禾计划需要访问“运动与体能”数据，用于获取步数、步频和配速";
				INFOPLIST_KEY_NSPhotoLibraryUsageDescription = "青禾计划需要访问相册来选择照片和视频";
				"INFOPLIST_KEY_UIApplicationSceneManifest_Generation[sdk=iphoneos*]" = YES;
				"INFOPLIST_KEY_UIApplicationSceneManifest_Generation[sdk=iphonesimulator*]" = YES;
				"INFOPLIST_KEY_UIApplicationSupportsIndirectInputEvents[sdk=iphoneos*]" = YES;
				"INFOPLIST_KEY_UIApplicationSupportsIndirectInputEvents[sdk=iphonesimulator*]" = YES;
				INFOPLIST_KEY_UIBackgroundModes = location;
				"INFOPLIST_KEY_UILaunchScreen_Generation[sdk=iphoneos*]" = YES;
				"INFOPLIST_KEY_UILaunchScreen_Generation[sdk=iphonesimulator*]" = YES;
				INFOPLIST_KEY_UIRequiresFullScreen = YES;
				INFOPLIST_KEY_UIStatusBarStyle = "";
				"INFOPLIST_KEY_UIStatusBarStyle[sdk=iphoneos*]" = UIStatusBarStyleDefault;
				"INFOPLIST_KEY_UIStatusBarStyle[sdk=iphonesimulator*]" = UIStatusBarStyleDefault;
				INFOPLIST_KEY_UISupportedInterfaceOrientations = "UIInterfaceOrientationLandscapeLeft UIInterfaceOrientationLandscapeRight UIInterfaceOrientationPortrait UIInterfaceOrientationPortraitUpsideDown";
				IPHONEOS_DEPLOYMENT_TARGET = 18.0;
				LD_RUNPATH_SEARCH_PATHS = "@executable_path/Frameworks";
				"LD_RUNPATH_SEARCH_PATHS[sdk=macosx*]" = "@executable_path/../Frameworks";
				MACOSX_DEPLOYMENT_TARGET = 15.5;
				MARKETING_VERSION = 1.0;
				NEW_SETTING1 = "";
				OTHER_LDFLAGS = "-ObjC";
				PRODUCT_BUNDLE_IDENTIFIER = com.qinghe.qinghe;
				PRODUCT_NAME = "$(TARGET_NAME)";
				REGISTER_APP_GROUPS = YES;
				SDKROOT = auto;
				SUPPORTED_PLATFORMS = "iphoneos iphonesimulator macosx xros xrsimulator";
				SWIFT_EMIT_LOC_STRINGS = YES;
				SWIFT_VERSION = 5.0;
				TARGETED_DEVICE_FAMILY = "1,2,7";
				XROS_DEPLOYMENT_TARGET = 2.5;
			};
			name = Debug;
		};
		DD1B3ACD2E4B5B9D00CD8261 /* Release */ = {
			isa = XCBuildConfiguration;
			buildSettings = {
				ASSETCATALOG_COMPILER_APPICON_NAME = AppIcon;
				ASSETCATALOG_COMPILER_GLOBAL_ACCENT_COLOR_NAME = AccentColor;
				CODE_SIGN_ENTITLEMENTS = qinghe/qinghe.entitlements;
				CODE_SIGN_IDENTITY = "Apple Development";
				CODE_SIGN_STYLE = Automatic;
				CURRENT_PROJECT_VERSION = 1;
				DEVELOPMENT_TEAM = 7CHR3URQ44;
				ENABLE_HARDENED_RUNTIME = YES;
				ENABLE_PREVIEWS = YES;
				FRAMEWORK_SEARCH_PATHS = (
					"$(inherited)",
					"$(PROJECT_DIR)/Frameworks",
				);
				GENERATE_INFOPLIST_FILE = YES;
				INFOPLIST_KEY_CFBundleDisplayName = "青禾计划";
				INFOPLIST_KEY_NSCameraUsageDescription = "青禾计划需要使用相机来拍摄照片和视频";
				INFOPLIST_KEY_NSDocumentPickerUsageDescription = "青禾计划需要访问文档来发送文件";
				INFOPLIST_KEY_NSFamilyControlsUsageDescription = "青禾计划需要访问屏幕使用时间数据来帮助您管理应用使用时间，实现自律目标";
				INFOPLIST_KEY_NSHealthShareUsageDescription = "青禾计划需要从“健康”读取心率、能量与距离，用于实时运动指导与统计";
				INFOPLIST_KEY_NSHealthUpdateUsageDescription = "青禾计划可能会向“健康”写入锻炼记录与统计（可选）";
				INFOPLIST_KEY_NSLocationAlwaysAndWhenInUseUsageDescription = "青禾计划需要始终访问您的位置信息来在后台记录运动轨迹，即使应用在后台运行时也能准确记录您的运动路线";
				INFOPLIST_KEY_NSLocationWhenInUseUsageDescription = "青禾计划需要访问您的位置信息来记录运动轨迹和提供基于位置的服务";
				INFOPLIST_KEY_NSMicrophoneUsageDescription = "青禾计划需要使用麦克风来录制语音消息";
				INFOPLIST_KEY_NSMotionUsageDescription = "青禾计划需要访问“运动与体能”数据，用于获取步数、步频和配速";
				INFOPLIST_KEY_NSPhotoLibraryUsageDescription = "青禾计划需要访问相册来选择照片和视频";
				"INFOPLIST_KEY_UIApplicationSceneManifest_Generation[sdk=iphoneos*]" = YES;
				"INFOPLIST_KEY_UIApplicationSceneManifest_Generation[sdk=iphonesimulator*]" = YES;
				"INFOPLIST_KEY_UIApplicationSupportsIndirectInputEvents[sdk=iphoneos*]" = YES;
				"INFOPLIST_KEY_UIApplicationSupportsIndirectInputEvents[sdk=iphonesimulator*]" = YES;
				INFOPLIST_KEY_UIBackgroundModes = location;
				"INFOPLIST_KEY_UILaunchScreen_Generation[sdk=iphoneos*]" = YES;
				"INFOPLIST_KEY_UILaunchScreen_Generation[sdk=iphonesimulator*]" = YES;
				INFOPLIST_KEY_UIRequiresFullScreen = YES;
				INFOPLIST_KEY_UIStatusBarStyle = "";
				"INFOPLIST_KEY_UIStatusBarStyle[sdk=iphoneos*]" = UIStatusBarStyleDefault;
				"INFOPLIST_KEY_UIStatusBarStyle[sdk=iphonesimulator*]" = UIStatusBarStyleDefault;
				INFOPLIST_KEY_UISupportedInterfaceOrientations = "UIInterfaceOrientationLandscapeLeft UIInterfaceOrientationLandscapeRight UIInterfaceOrientationPortrait UIInterfaceOrientationPortraitUpsideDown";
				IPHONEOS_DEPLOYMENT_TARGET = 18.0;
				LD_RUNPATH_SEARCH_PATHS = "@executable_path/Frameworks";
				"LD_RUNPATH_SEARCH_PATHS[sdk=macosx*]" = "@executable_path/../Frameworks";
				MACOSX_DEPLOYMENT_TARGET = 15.5;
				MARKETING_VERSION = 1.0;
				NEW_SETTING1 = "";
				OTHER_LDFLAGS = "-ObjC";
				PRODUCT_BUNDLE_IDENTIFIER = com.qinghe.qinghe;
				PRODUCT_NAME = "$(TARGET_NAME)";
				REGISTER_APP_GROUPS = YES;
				SDKROOT = auto;
				SUPPORTED_PLATFORMS = "iphoneos iphonesimulator macosx xros xrsimulator";
				SWIFT_EMIT_LOC_STRINGS = YES;
				SWIFT_VERSION = 5.0;
				TARGETED_DEVICE_FAMILY = "1,2,7";
				XROS_DEPLOYMENT_TARGET = 2.5;
			};
			name = Release;
		};
		DD1B3ACF2E4B5B9D00CD8261 /* Debug */ = {
			isa = XCBuildConfiguration;
			buildSettings = {
				BUNDLE_LOADER = "$(TEST_HOST)";
				CODE_SIGN_STYLE = Automatic;
				CURRENT_PROJECT_VERSION = 1;
				DEVELOPMENT_TEAM = 7CHR3URQ44;
				GENERATE_INFOPLIST_FILE = YES;
				IPHONEOS_DEPLOYMENT_TARGET = 18.5;
				MACOSX_DEPLOYMENT_TARGET = 15.5;
				MARKETING_VERSION = 1.0;
				PRODUCT_BUNDLE_IDENTIFIER = com.qinghe.qingheTests;
				PRODUCT_NAME = "$(TARGET_NAME)";
				SDKROOT = auto;
				SUPPORTED_PLATFORMS = "iphoneos iphonesimulator macosx xros xrsimulator";
				SWIFT_EMIT_LOC_STRINGS = NO;
				SWIFT_VERSION = 5.0;
				TARGETED_DEVICE_FAMILY = "1,2,7";
				TEST_HOST = "$(BUILT_PRODUCTS_DIR)/qinghe.app/$(BUNDLE_EXECUTABLE_FOLDER_PATH)/qinghe";
				XROS_DEPLOYMENT_TARGET = 2.5;
			};
			name = Debug;
		};
		DD1B3AD02E4B5B9D00CD8261 /* Release */ = {
			isa = XCBuildConfiguration;
			buildSettings = {
				BUNDLE_LOADER = "$(TEST_HOST)";
				CODE_SIGN_STYLE = Automatic;
				CURRENT_PROJECT_VERSION = 1;
				DEVELOPMENT_TEAM = 7CHR3URQ44;
				GENERATE_INFOPLIST_FILE = YES;
				IPHONEOS_DEPLOYMENT_TARGET = 18.5;
				MACOSX_DEPLOYMENT_TARGET = 15.5;
				MARKETING_VERSION = 1.0;
				PRODUCT_BUNDLE_IDENTIFIER = com.qinghe.qingheTests;
				PRODUCT_NAME = "$(TARGET_NAME)";
				SDKROOT = auto;
				SUPPORTED_PLATFORMS = "iphoneos iphonesimulator macosx xros xrsimulator";
				SWIFT_EMIT_LOC_STRINGS = NO;
				SWIFT_VERSION = 5.0;
				TARGETED_DEVICE_FAMILY = "1,2,7";
				TEST_HOST = "$(BUILT_PRODUCTS_DIR)/qinghe.app/$(BUNDLE_EXECUTABLE_FOLDER_PATH)/qinghe";
				XROS_DEPLOYMENT_TARGET = 2.5;
			};
			name = Release;
		};
		DD1B3AD22E4B5B9D00CD8261 /* Debug */ = {
			isa = XCBuildConfiguration;
			buildSettings = {
				CODE_SIGN_STYLE = Automatic;
				CURRENT_PROJECT_VERSION = 1;
				DEVELOPMENT_TEAM = 7CHR3URQ44;
				GENERATE_INFOPLIST_FILE = YES;
				IPHONEOS_DEPLOYMENT_TARGET = 18.5;
				MACOSX_DEPLOYMENT_TARGET = 15.5;
				MARKETING_VERSION = 1.0;
				PRODUCT_BUNDLE_IDENTIFIER = com.qinghe.qingheUITests;
				PRODUCT_NAME = "$(TARGET_NAME)";
				SDKROOT = auto;
				SUPPORTED_PLATFORMS = "iphoneos iphonesimulator macosx xros xrsimulator";
				SWIFT_EMIT_LOC_STRINGS = NO;
				SWIFT_VERSION = 5.0;
				TARGETED_DEVICE_FAMILY = "1,2,7";
				TEST_TARGET_NAME = qinghe;
				XROS_DEPLOYMENT_TARGET = 2.5;
			};
			name = Debug;
		};
		DD1B3AD32E4B5B9D00CD8261 /* Release */ = {
			isa = XCBuildConfiguration;
			buildSettings = {
				CODE_SIGN_STYLE = Automatic;
				CURRENT_PROJECT_VERSION = 1;
				DEVELOPMENT_TEAM = 7CHR3URQ44;
				GENERATE_INFOPLIST_FILE = YES;
				IPHONEOS_DEPLOYMENT_TARGET = 18.5;
				MACOSX_DEPLOYMENT_TARGET = 15.5;
				MARKETING_VERSION = 1.0;
				PRODUCT_BUNDLE_IDENTIFIER = com.qinghe.qingheUITests;
				PRODUCT_NAME = "$(TARGET_NAME)";
				SDKROOT = auto;
				SUPPORTED_PLATFORMS = "iphoneos iphonesimulator macosx xros xrsimulator";
				SWIFT_EMIT_LOC_STRINGS = NO;
				SWIFT_VERSION = 5.0;
				TARGETED_DEVICE_FAMILY = "1,2,7";
				TEST_TARGET_NAME = qinghe;
				XROS_DEPLOYMENT_TARGET = 2.5;
			};
			name = Release;
		};
		DD58E9F62E7AD3CE001C0F65 /* Debug */ = {
			isa = XCBuildConfiguration;
			buildSettings = {
				CODE_SIGN_ENTITLEMENTS = ShieldConfig/ShieldConfig.entitlements;
				CODE_SIGN_IDENTITY = "Apple Development";
				CODE_SIGN_STYLE = Automatic;
				CURRENT_PROJECT_VERSION = 1;
				DEVELOPMENT_TEAM = 7CHR3URQ44;
				GENERATE_INFOPLIST_FILE = YES;
				INFOPLIST_FILE = ShieldConfig/Info.plist;
				INFOPLIST_KEY_CFBundleDisplayName = ShieldConfig;
				INFOPLIST_KEY_NSHumanReadableCopyright = "";
				IPHONEOS_DEPLOYMENT_TARGET = 18.5;
				LD_RUNPATH_SEARCH_PATHS = (
					"$(inherited)",
					"@executable_path/Frameworks",
					"@executable_path/../../Frameworks",
				);
				MARKETING_VERSION = 1.0;
				PRODUCT_BUNDLE_IDENTIFIER = com.qinghe.qinghe.ShieldConfig;
				PRODUCT_NAME = "$(TARGET_NAME)";
				SDKROOT = iphoneos;
				SKIP_INSTALL = YES;
				SWIFT_EMIT_LOC_STRINGS = YES;
				SWIFT_VERSION = 5.0;
				TARGETED_DEVICE_FAMILY = "1,2";
			};
			name = Debug;
		};
		DD58E9F72E7AD3CE001C0F65 /* Release */ = {
			isa = XCBuildConfiguration;
			buildSettings = {
				CODE_SIGN_ENTITLEMENTS = ShieldConfig/ShieldConfig.entitlements;
				CODE_SIGN_IDENTITY = "Apple Development";
				CODE_SIGN_STYLE = Automatic;
				CURRENT_PROJECT_VERSION = 1;
				DEVELOPMENT_TEAM = 7CHR3URQ44;
				GENERATE_INFOPLIST_FILE = YES;
				INFOPLIST_FILE = ShieldConfig/Info.plist;
				INFOPLIST_KEY_CFBundleDisplayName = ShieldConfig;
				INFOPLIST_KEY_NSHumanReadableCopyright = "";
				IPHONEOS_DEPLOYMENT_TARGET = 18.5;
				LD_RUNPATH_SEARCH_PATHS = (
					"$(inherited)",
					"@executable_path/Frameworks",
					"@executable_path/../../Frameworks",
				);
				MARKETING_VERSION = 1.0;
				PRODUCT_BUNDLE_IDENTIFIER = com.qinghe.qinghe.ShieldConfig;
				PRODUCT_NAME = "$(TARGET_NAME)";
				SDKROOT = iphoneos;
				SKIP_INSTALL = YES;
				SWIFT_EMIT_LOC_STRINGS = YES;
				SWIFT_VERSION = 5.0;
				TARGETED_DEVICE_FAMILY = "1,2";
				VALIDATE_PRODUCT = YES;
			};
			name = Release;
		};
/* End XCBuildConfiguration section */

/* Begin XCConfigurationList section */
		DD1B3AA42E4B5B9B00CD8261 /* Build configuration list for PBXProject "qinghe" */ = {
			isa = XCConfigurationList;
			buildConfigurations = (
				DD1B3AC92E4B5B9D00CD8261 /* Debug */,
				DD1B3ACA2E4B5B9D00CD8261 /* Release */,
			);
			defaultConfigurationIsVisible = 0;
			defaultConfigurationName = Release;
		};
		DD1B3ACB2E4B5B9D00CD8261 /* Build configuration list for PBXNativeTarget "qinghe" */ = {
			isa = XCConfigurationList;
			buildConfigurations = (
				DD1B3ACC2E4B5B9D00CD8261 /* Debug */,
				DD1B3ACD2E4B5B9D00CD8261 /* Release */,
			);
			defaultConfigurationIsVisible = 0;
			defaultConfigurationName = Release;
		};
		DD1B3ACE2E4B5B9D00CD8261 /* Build configuration list for PBXNativeTarget "qingheTests" */ = {
			isa = XCConfigurationList;
			buildConfigurations = (
				DD1B3ACF2E4B5B9D00CD8261 /* Debug */,
				DD1B3AD02E4B5B9D00CD8261 /* Release */,
			);
			defaultConfigurationIsVisible = 0;
			defaultConfigurationName = Release;
		};
		DD1B3AD12E4B5B9D00CD8261 /* Build configuration list for PBXNativeTarget "qingheUITests" */ = {
			isa = XCConfigurationList;
			buildConfigurations = (
				DD1B3AD22E4B5B9D00CD8261 /* Debug */,
				DD1B3AD32E4B5B9D00CD8261 /* Release */,
			);
			defaultConfigurationIsVisible = 0;
			defaultConfigurationName = Release;
		};
		DD58E9F52E7AD3CE001C0F65 /* Build configuration list for PBXNativeTarget "ShieldConfig" */ = {
			isa = XCConfigurationList;
			buildConfigurations = (
				DD58E9F62E7AD3CE001C0F65 /* Debug */,
				DD58E9F72E7AD3CE001C0F65 /* Release */,
			);
			defaultConfigurationIsVisible = 0;
			defaultConfigurationName = Release;
		};
/* End XCConfigurationList section */
	};
	rootObject = DD1B3AA12E4B5B9B00CD8261 /* Project object */;
}
